
Microsoft Visual Studio Solution File, Format Version 12.00
# Visual Studio Version 16
VisualStudioVersion = 16.0.30128.74
MinimumVisualStudioVersion = 10.0.40219.1
Project("{FAE04EC0-301F-11D3-BF4B-00C04F79EFBC}") = "SQL DataBase Link", "SQL DataBase Link.csproj", "{72DE1045-49D4-43BB-A9FF-F7E4545DBCAF}"
EndProject
Global
	GlobalSection(SolutionConfigurationPlatforms) = preSolution
		Debug|Any CPU = Debug|Any CPU
		Release|Any CPU = Release|Any CPU
	EndGlobalSection
	GlobalSection(ProjectConfigurationPlatforms) = postSolution
		{72DE1045-49D4-43BB-A9FF-F7E4545DBCAF}.Debug|Any CPU.ActiveCfg = Debug|Any CPU
		{72DE1045-49D4-43BB-A9FF-F7E4545DBCAF}.Debug|Any CPU.Build.0 = Debug|Any CPU
		{72DE1045-49D4-43BB-A9FF-F7E4545DBCAF}.Release|Any CPU.ActiveCfg = Release|Any CPU
		{72DE1045-49D4-43BB-A9FF-F7E4545DBCAF}.Release|Any CPU.Build.0 = Release|Any CPU
	EndGlobalSection
	GlobalSection(SolutionProperties) = preSolution
		HideSolutionNode = FALSE
	EndGlobalSection
	GlobalSection(ExtensibilityGlobals) = postSolution
		SolutionGuid = {AEBCB6AC-8171-4E06-BF53-2C20947065EA}
	EndGlobalSection
EndGlobal
